
Microsoft Visual Studio Solution File, Format Version 12.00
# Visual Studio for Mac
Project("{FAE04EC0-301F-11D3-BF4B-00C04F79EFBC}") = "Assembly-CSharp", "Assembly-CSharp.csproj", "{61AFB9F3-6A06-964F-5787-1C9B3E378153}"
EndProject
Global
	GlobalSection(SolutionConfigurationPlatforms) = preSolution
		Debug|Any CPU = Debug|Any CPU
		Release|Any CPU = Release|Any CPU
	EndGlobalSection
	GlobalSection(ProjectConfigurationPlatforms) = postSolution
		{61AFB9F3-6A06-964F-5787-1C9B3E378153}.Debug|Any CPU.ActiveCfg = Debug|Any CPU
		{61AFB9F3-6A06-964F-5787-1C9B3E378153}.Debug|Any CPU.Build.0 = Debug|Any CPU
		{61AFB9F3-6A06-964F-5787-1C9B3E378153}.Release|Any CPU.ActiveCfg = Release|Any CPU
		{61AFB9F3-6A06-964F-5787-1C9B3E378153}.Release|Any CPU.Build.0 = Release|Any CPU
	EndGlobalSection
	GlobalSection(SolutionProperties) = preSolution
		HideSolutionNode = FALSE
	EndGlobalSection
EndGlobal
